
Microsoft Visual Studio Solution File, Format Version 12.00
# Visual Studio Version 16
VisualStudioVersion = 16.0.28729.10
MinimumVisualStudioVersion = 10.0.40219.1
Project("{FAE04EC0-301F-11D3-BF4B-00C04F79EFBC}") = "DivCardFinal", "DivCardFinal\DivCardFinal.csproj", "{4905739A-9DEC-4F05-BB9A-5FEF82E905FB}"
EndProject
Global
	GlobalSection(SolutionConfigurationPlatforms) = preSolution
		Debug|Any CPU = Debug|Any CPU
		Release|Any CPU = Release|Any CPU
	EndGlobalSection
	GlobalSection(ProjectConfigurationPlatforms) = postSolution
		{4905739A-9DEC-4F05-BB9A-5FEF82E905FB}.Debug|Any CPU.ActiveCfg = Debug|Any CPU
		{4905739A-9DEC-4F05-BB9A-5FEF82E905FB}.Debug|Any CPU.Build.0 = Debug|Any CPU
		{4905739A-9DEC-4F05-BB9A-5FEF82E905FB}.Release|Any CPU.ActiveCfg = Release|Any CPU
		{4905739A-9DEC-4F05-BB9A-5FEF82E905FB}.Release|Any CPU.Build.0 = Release|Any CPU
	EndGlobalSection
	GlobalSection(SolutionProperties) = preSolution
		HideSolutionNode = FALSE
	EndGlobalSection
	GlobalSection(ExtensibilityGlobals) = postSolution
		SolutionGuid = {36A389C4-58CB-495C-9B0D-76EFA9CC8EB0}
	EndGlobalSection
EndGlobal
